
Microsoft Visual Studio Solution File, Format Version 12.00
# Visual Studio Version 16
VisualStudioVersion = 16.0.29519.161
MinimumVisualStudioVersion = 10.0.40219.1
Project("{9A19103F-16F7-4668-BE54-9A1E7A4F7556}") = "DontParkHere", "DontParkHere.csproj", "{39EAF9A1-FFD8-4AA6-A9EF-C8C30C93DBE0}"
EndProject
Global
	GlobalSection(SolutionConfigurationPlatforms) = preSolution
		Debug|Any CPU = Debug|Any CPU
		Release|Any CPU = Release|Any CPU
	EndGlobalSection
	GlobalSection(ProjectConfigurationPlatforms) = postSolution
		{39EAF9A1-FFD8-4AA6-A9EF-C8C30C93DBE0}.Debug|Any CPU.ActiveCfg = Debug|Any CPU
		{39EAF9A1-FFD8-4AA6-A9EF-C8C30C93DBE0}.Debug|Any CPU.Build.0 = Debug|Any CPU
		{39EAF9A1-FFD8-4AA6-A9EF-C8C30C93DBE0}.Release|Any CPU.ActiveCfg = Release|Any CPU
		{39EAF9A1-FFD8-4AA6-A9EF-C8C30C93DBE0}.Release|Any CPU.Build.0 = Release|Any CPU
	EndGlobalSection
	GlobalSection(SolutionProperties) = preSolution
		HideSolutionNode = FALSE
	EndGlobalSection
	GlobalSection(ExtensibilityGlobals) = postSolution
		SolutionGuid = {ADF1299E-8BF5-4B99-A275-228CD4E2B900}
	EndGlobalSection
EndGlobal
